
Microsoft Visual Studio Solution File, Format Version 12.00
# Visual Studio Version 17
VisualStudioVersion = 17.4.33110.190
MinimumVisualStudioVersion = 10.0.40219.1
Project("{FAE04EC0-301F-11D3-BF4B-00C04F79EFBC}") = "CreateCube", "CreateCube.csproj", "{B058A1A1-56DD-46F2-9231-F697A5D18C44}"
EndProject
Global
	GlobalSection(SolutionConfigurationPlatforms) = preSolution
		Debug|Any CPU = Debug|Any CPU
		Release|Any CPU = Release|Any CPU
	EndGlobalSection
	GlobalSection(ProjectConfigurationPlatforms) = postSolution
		{B058A1A1-56DD-46F2-9231-F697A5D18C44}.Debug|Any CPU.ActiveCfg = Debug|Any CPU
		{B058A1A1-56DD-46F2-9231-F697A5D18C44}.Debug|Any CPU.Build.0 = Debug|Any CPU
		{B058A1A1-56DD-46F2-9231-F697A5D18C44}.Release|Any CPU.ActiveCfg = Release|Any CPU
		{B058A1A1-56DD-46F2-9231-F697A5D18C44}.Release|Any CPU.Build.0 = Release|Any CPU
	EndGlobalSection
	GlobalSection(SolutionProperties) = preSolution
		HideSolutionNode = FALSE
	EndGlobalSection
	GlobalSection(ExtensibilityGlobals) = postSolution
		SolutionGuid = {4598D558-4C93-432F-B62C-FC80B5DF081F}
	EndGlobalSection
EndGlobal
